
Microsoft Visual Studio Solution File, Format Version 12.00
# Visual Studio Version 16
Project("{8BC9CEB8-8B4A-11D0-8D11-00A0C91BC942}") = "ALL_BUILD", "ALL_BUILD.vcxproj", "{E5C5A403-98BB-3303-9376-FA420C0AC4A1}"
	ProjectSection(ProjectDependencies) = postProject
		{6DB7FD79-B20E-3A04-8180-1511E135747E} = {6DB7FD79-B20E-3A04-8180-1511E135747E}
		{1CC3D59A-FC76-3750-845C-E31177CCBB5E} = {1CC3D59A-FC76-3750-845C-E31177CCBB5E}
		{E580A959-F9FE-32AE-84CF-436B3FCF259B} = {E580A959-F9FE-32AE-84CF-436B3FCF259B}
		{190C733A-EF01-37BA-83FE-5277F469F414} = {190C733A-EF01-37BA-83FE-5277F469F414}
		{82599978-C665-35A0-8687-ECC44E790461} = {82599978-C665-35A0-8687-ECC44E790461}
		{819F02C3-BEF8-3929-8B47-1E5556BD8F12} = {819F02C3-BEF8-3929-8B47-1E5556BD8F12}
	EndProjectSection
EndProject
Project("{8BC9CEB8-8B4A-11D0-8D11-00A0C91BC942}") = "ZERO_CHECK", "ZERO_CHECK.vcxproj", "{6DB7FD79-B20E-3A04-8180-1511E135747E}"
	ProjectSection(ProjectDependencies) = postProject
	EndProjectSection
EndProject
Project("{8BC9CEB8-8B4A-11D0-8D11-00A0C91BC942}") = "c_api_test", "apps\c_api_test.vcxproj", "{1CC3D59A-FC76-3750-845C-E31177CCBB5E}"
	ProjectSection(ProjectDependencies) = postProject
		{6DB7FD79-B20E-3A04-8180-1511E135747E} = {6DB7FD79-B20E-3A04-8180-1511E135747E}
		{190C733A-EF01-37BA-83FE-5277F469F414} = {190C733A-EF01-37BA-83FE-5277F469F414}
		{82599978-C665-35A0-8687-ECC44E790461} = {82599978-C665-35A0-8687-ECC44E790461}
	EndProjectSection
EndProject
Project("{8BC9CEB8-8B4A-11D0-8D11-00A0C91BC942}") = "c_apptest", "apps\c_apptest.vcxproj", "{E580A959-F9FE-32AE-84CF-436B3FCF259B}"
	ProjectSection(ProjectDependencies) = postProject
		{6DB7FD79-B20E-3A04-8180-1511E135747E} = {6DB7FD79-B20E-3A04-8180-1511E135747E}
		{190C733A-EF01-37BA-83FE-5277F469F414} = {190C733A-EF01-37BA-83FE-5277F469F414}
		{82599978-C665-35A0-8687-ECC44E790461} = {82599978-C665-35A0-8687-ECC44E790461}
	EndProjectSection
EndProject
Project("{8BC9CEB8-8B4A-11D0-8D11-00A0C91BC942}") = "imgregionloc", "src\imgregionloc.vcxproj", "{190C733A-EF01-37BA-83FE-5277F469F414}"
	ProjectSection(ProjectDependencies) = postProject
		{6DB7FD79-B20E-3A04-8180-1511E135747E} = {6DB7FD79-B20E-3A04-8180-1511E135747E}
	EndProjectSection
EndProject
Project("{8BC9CEB8-8B4A-11D0-8D11-00A0C91BC942}") = "imgregionloc_c", "bindings\c\imgregionloc_c.vcxproj", "{82599978-C665-35A0-8687-ECC44E790461}"
	ProjectSection(ProjectDependencies) = postProject
		{6DB7FD79-B20E-3A04-8180-1511E135747E} = {6DB7FD79-B20E-3A04-8180-1511E135747E}
		{190C733A-EF01-37BA-83FE-5277F469F414} = {190C733A-EF01-37BA-83FE-5277F469F414}
	EndProjectSection
EndProject
Project("{8BC9CEB8-8B4A-11D0-8D11-00A0C91BC942}") = "testapp", "apps\testapp.vcxproj", "{819F02C3-BEF8-3929-8B47-1E5556BD8F12}"
	ProjectSection(ProjectDependencies) = postProject
		{6DB7FD79-B20E-3A04-8180-1511E135747E} = {6DB7FD79-B20E-3A04-8180-1511E135747E}
		{190C733A-EF01-37BA-83FE-5277F469F414} = {190C733A-EF01-37BA-83FE-5277F469F414}
	EndProjectSection
EndProject
Global
	GlobalSection(SolutionConfigurationPlatforms) = preSolution
		Debug|x64 = Debug|x64
		Release|x64 = Release|x64
		MinSizeRel|x64 = MinSizeRel|x64
		RelWithDebInfo|x64 = RelWithDebInfo|x64
	EndGlobalSection
	GlobalSection(ProjectConfigurationPlatforms) = postSolution
		{E5C5A403-98BB-3303-9376-FA420C0AC4A1}.Debug|x64.ActiveCfg = Debug|x64
		{E5C5A403-98BB-3303-9376-FA420C0AC4A1}.Release|x64.ActiveCfg = Release|x64
		{E5C5A403-98BB-3303-9376-FA420C0AC4A1}.MinSizeRel|x64.ActiveCfg = MinSizeRel|x64
		{E5C5A403-98BB-3303-9376-FA420C0AC4A1}.RelWithDebInfo|x64.ActiveCfg = RelWithDebInfo|x64
		{6DB7FD79-B20E-3A04-8180-1511E135747E}.Debug|x64.ActiveCfg = Debug|x64
		{6DB7FD79-B20E-3A04-8180-1511E135747E}.Debug|x64.Build.0 = Debug|x64
		{6DB7FD79-B20E-3A04-8180-1511E135747E}.Release|x64.ActiveCfg = Release|x64
		{6DB7FD79-B20E-3A04-8180-1511E135747E}.Release|x64.Build.0 = Release|x64
		{6DB7FD79-B20E-3A04-8180-1511E135747E}.MinSizeRel|x64.ActiveCfg = MinSizeRel|x64
		{6DB7FD79-B20E-3A04-8180-1511E135747E}.MinSizeRel|x64.Build.0 = MinSizeRel|x64
		{6DB7FD79-B20E-3A04-8180-1511E135747E}.RelWithDebInfo|x64.ActiveCfg = RelWithDebInfo|x64
		{6DB7FD79-B20E-3A04-8180-1511E135747E}.RelWithDebInfo|x64.Build.0 = RelWithDebInfo|x64
		{1CC3D59A-FC76-3750-845C-E31177CCBB5E}.Debug|x64.ActiveCfg = Debug|x64
		{1CC3D59A-FC76-3750-845C-E31177CCBB5E}.Debug|x64.Build.0 = Debug|x64
		{1CC3D59A-FC76-3750-845C-E31177CCBB5E}.Release|x64.ActiveCfg = Release|x64
		{1CC3D59A-FC76-3750-845C-E31177CCBB5E}.Release|x64.Build.0 = Release|x64
		{1CC3D59A-FC76-3750-845C-E31177CCBB5E}.MinSizeRel|x64.ActiveCfg = MinSizeRel|x64
		{1CC3D59A-FC76-3750-845C-E31177CCBB5E}.MinSizeRel|x64.Build.0 = MinSizeRel|x64
		{1CC3D59A-FC76-3750-845C-E31177CCBB5E}.RelWithDebInfo|x64.ActiveCfg = RelWithDebInfo|x64
		{1CC3D59A-FC76-3750-845C-E31177CCBB5E}.RelWithDebInfo|x64.Build.0 = RelWithDebInfo|x64
		{E580A959-F9FE-32AE-84CF-436B3FCF259B}.Debug|x64.ActiveCfg = Debug|x64
		{E580A959-F9FE-32AE-84CF-436B3FCF259B}.Debug|x64.Build.0 = Debug|x64
		{E580A959-F9FE-32AE-84CF-436B3FCF259B}.Release|x64.ActiveCfg = Release|x64
		{E580A959-F9FE-32AE-84CF-436B3FCF259B}.Release|x64.Build.0 = Release|x64
		{E580A959-F9FE-32AE-84CF-436B3FCF259B}.MinSizeRel|x64.ActiveCfg = MinSizeRel|x64
		{E580A959-F9FE-32AE-84CF-436B3FCF259B}.MinSizeRel|x64.Build.0 = MinSizeRel|x64
		{E580A959-F9FE-32AE-84CF-436B3FCF259B}.RelWithDebInfo|x64.ActiveCfg = RelWithDebInfo|x64
		{E580A959-F9FE-32AE-84CF-436B3FCF259B}.RelWithDebInfo|x64.Build.0 = RelWithDebInfo|x64
		{190C733A-EF01-37BA-83FE-5277F469F414}.Debug|x64.ActiveCfg = Debug|x64
		{190C733A-EF01-37BA-83FE-5277F469F414}.Debug|x64.Build.0 = Debug|x64
		{190C733A-EF01-37BA-83FE-5277F469F414}.Release|x64.ActiveCfg = Release|x64
		{190C733A-EF01-37BA-83FE-5277F469F414}.Release|x64.Build.0 = Release|x64
		{190C733A-EF01-37BA-83FE-5277F469F414}.MinSizeRel|x64.ActiveCfg = MinSizeRel|x64
		{190C733A-EF01-37BA-83FE-5277F469F414}.MinSizeRel|x64.Build.0 = MinSizeRel|x64
		{190C733A-EF01-37BA-83FE-5277F469F414}.RelWithDebInfo|x64.ActiveCfg = RelWithDebInfo|x64
		{190C733A-EF01-37BA-83FE-5277F469F414}.RelWithDebInfo|x64.Build.0 = RelWithDebInfo|x64
		{82599978-C665-35A0-8687-ECC44E790461}.Debug|x64.ActiveCfg = Debug|x64
		{82599978-C665-35A0-8687-ECC44E790461}.Debug|x64.Build.0 = Debug|x64
		{82599978-C665-35A0-8687-ECC44E790461}.Release|x64.ActiveCfg = Release|x64
		{82599978-C665-35A0-8687-ECC44E790461}.Release|x64.Build.0 = Release|x64
		{82599978-C665-35A0-8687-ECC44E790461}.MinSizeRel|x64.ActiveCfg = MinSizeRel|x64
		{82599978-C665-35A0-8687-ECC44E790461}.MinSizeRel|x64.Build.0 = MinSizeRel|x64
		{82599978-C665-35A0-8687-ECC44E790461}.RelWithDebInfo|x64.ActiveCfg = RelWithDebInfo|x64
		{82599978-C665-35A0-8687-ECC44E790461}.RelWithDebInfo|x64.Build.0 = RelWithDebInfo|x64
		{819F02C3-BEF8-3929-8B47-1E5556BD8F12}.Debug|x64.ActiveCfg = Debug|x64
		{819F02C3-BEF8-3929-8B47-1E5556BD8F12}.Debug|x64.Build.0 = Debug|x64
		{819F02C3-BEF8-3929-8B47-1E5556BD8F12}.Release|x64.ActiveCfg = Release|x64
		{819F02C3-BEF8-3929-8B47-1E5556BD8F12}.Release|x64.Build.0 = Release|x64
		{819F02C3-BEF8-3929-8B47-1E5556BD8F12}.MinSizeRel|x64.ActiveCfg = MinSizeRel|x64
		{819F02C3-BEF8-3929-8B47-1E5556BD8F12}.MinSizeRel|x64.Build.0 = MinSizeRel|x64
		{819F02C3-BEF8-3929-8B47-1E5556BD8F12}.RelWithDebInfo|x64.ActiveCfg = RelWithDebInfo|x64
		{819F02C3-BEF8-3929-8B47-1E5556BD8F12}.RelWithDebInfo|x64.Build.0 = RelWithDebInfo|x64
	EndGlobalSection
	GlobalSection(ExtensibilityGlobals) = postSolution
		SolutionGuid = {6FFF4B02-41CB-31DD-8E68-9F0800ADFE62}
	EndGlobalSection
	GlobalSection(ExtensibilityAddIns) = postSolution
	EndGlobalSection
EndGlobal
