<?xml version="1.0" encoding="utf-8"?>
<Project ToolsVersion="16.0" xmlns="http://schemas.microsoft.com/developer/msbuild/2003">
  <ItemGroup>
    <ClCompile Include="E:\projects\ImageRegionLocalization\apps\c_testapp.cpp">
      <Filter>Source Files</Filter>
    </ClCompile>
  </ItemGroup>
  <ItemGroup>
    <CustomBuild Include="E:\projects\ImageRegionLocalization\apps\CMakeLists.txt" />
  </ItemGroup>
  <ItemGroup>
    <Filter Include="Source Files">
      <UniqueIdentifier>{73A94B7C-D3C2-3ADC-A0E8-31663F8482C3}</UniqueIdentifier>
    </Filter>
  </ItemGroup>
</Project>
